
Microsoft Visual Studio Solution File, Format Version 12.00
# Visual Studio Version 16
VisualStudioVersion = 16.0.30114.105
MinimumVisualStudioVersion = 10.0.40219.1
Project("{FAE04EC0-301F-11D3-BF4B-00C04F79EFBC}") = "overridemethods", "ovveridemethods\overridemethods.csproj", "{A3D61013-BB6F-4B85-A94E-FBAD1D55A164}"
EndProject
Global
	GlobalSection(SolutionConfigurationPlatforms) = preSolution
		Debug|Any CPU = Debug|Any CPU
		Release|Any CPU = Release|Any CPU
	EndGlobalSection
	GlobalSection(ProjectConfigurationPlatforms) = postSolution
		{A3D61013-BB6F-4B85-A94E-FBAD1D55A164}.Debug|Any CPU.ActiveCfg = Debug|Any CPU
		{A3D61013-BB6F-4B85-A94E-FBAD1D55A164}.Debug|Any CPU.Build.0 = Debug|Any CPU
		{A3D61013-BB6F-4B85-A94E-FBAD1D55A164}.Release|Any CPU.ActiveCfg = Release|Any CPU
		{A3D61013-BB6F-4B85-A94E-FBAD1D55A164}.Release|Any CPU.Build.0 = Release|Any CPU
	EndGlobalSection
	GlobalSection(SolutionProperties) = preSolution
		HideSolutionNode = FALSE
	EndGlobalSection
	GlobalSection(ExtensibilityGlobals) = postSolution
		SolutionGuid = {F7212338-3CDA-489A-9AC5-260B2A1F4C2B}
	EndGlobalSection
EndGlobal
